
Microsoft Visual Studio Solution File, Format Version 12.00
# Visual Studio Version 17
VisualStudioVersion = 17.11.35312.102
MinimumVisualStudioVersion = 10.0.40219.1
Project("{FAE04EC0-301F-11D3-BF4B-00C04F79EFBC}") = "Helping-Handers", "Helping-Handers\Helping-Handers.csproj", "{C458BD31-C0D6-485E-B38F-521A1EA55A79}"
EndProject
Global
	GlobalSection(SolutionConfigurationPlatforms) = preSolution
		Debug|Any CPU = Debug|Any CPU
		Release|Any CPU = Release|Any CPU
	EndGlobalSection
	GlobalSection(ProjectConfigurationPlatforms) = postSolution
		{C458BD31-C0D6-485E-B38F-521A1EA55A79}.Debug|Any CPU.ActiveCfg = Debug|Any CPU
		{C458BD31-C0D6-485E-B38F-521A1EA55A79}.Debug|Any CPU.Build.0 = Debug|Any CPU
		{C458BD31-C0D6-485E-B38F-521A1EA55A79}.Release|Any CPU.ActiveCfg = Release|Any CPU
		{C458BD31-C0D6-485E-B38F-521A1EA55A79}.Release|Any CPU.Build.0 = Release|Any CPU
	EndGlobalSection
	GlobalSection(SolutionProperties) = preSolution
		HideSolutionNode = FALSE
	EndGlobalSection
	GlobalSection(ExtensibilityGlobals) = postSolution
		SolutionGuid = {C9E796C4-0AEC-48D6-BEA8-EC92C8DF465D}
	EndGlobalSection
EndGlobal
